// !$*UTF8*$!
{
	archiveVersion = 1;
	classes = {
	};
	objectVersion = 56;
	objects = {

/* Begin PBXBuildFile section */
		1B038541296700BE00E76092 /* ContentView.swift in Sources */ = {isa = PBXBuildFile; fileRef = 1B038540296700BE00E76092 /* ContentView.swift */; };
		1B0385432967042500E76092 /* HomeView.swift in Sources */ = {isa = PBXBuildFile; fileRef = 1B0385422967042500E76092 /* HomeView.swift */; };
		1B03854729675ED400E76092 /* MainView.swift in Sources */ = {isa = PBXBuildFile; fileRef = 1B03854629675ED400E76092 /* MainView.swift */; };
		1BC7D4DD29E42CCE00BB14A5 /* CalculationsService.swift in Sources */ = {isa = PBXBuildFile; fileRef = 1BC7D4DC29E42CCE00BB14A5 /* CalculationsService.swift */; };
		1BC7D4DE29E42CCE00BB14A5 /* CalculationsService.swift in Sources */ = {isa = PBXBuildFile; fileRef = 1BC7D4DC29E42CCE00BB14A5 /* CalculationsService.swift */; };
		1BC7D4DF29E42CCE00BB14A5 /* CalculationsService.swift in Sources */ = {isa = PBXBuildFile; fileRef = 1BC7D4DC29E42CCE00BB14A5 /* CalculationsService.swift */; };
		1BC7D4E229E5AB7900BB14A5 /* NetworkService.swift in Sources */ = {isa = PBXBuildFile; fileRef = 1BC7D4E129E5AB7900BB14A5 /* NetworkService.swift */; };
		1BC7D4E329E5AB7900BB14A5 /* NetworkService.swift in Sources */ = {isa = PBXBuildFile; fileRef = 1BC7D4E129E5AB7900BB14A5 /* NetworkService.swift */; };
		1BC7D4E429E5AB7900BB14A5 /* NetworkService.swift in Sources */ = {isa = PBXBuildFile; fileRef = 1BC7D4E129E5AB7900BB14A5 /* NetworkService.swift */; };
		1BC7D50229E5C9EB00BB14A5 /* String Formatter.swift in Sources */ = {isa = PBXBuildFile; fileRef = 1BC7D50129E5C9EB00BB14A5 /* String Formatter.swift */; };
		1BC7D50329E5C9EB00BB14A5 /* String Formatter.swift in Sources */ = {isa = PBXBuildFile; fileRef = 1BC7D50129E5C9EB00BB14A5 /* String Formatter.swift */; };
		1BC7D50429E5C9EB00BB14A5 /* String Formatter.swift in Sources */ = {isa = PBXBuildFile; fileRef = 1BC7D50129E5C9EB00BB14A5 /* String Formatter.swift */; };
		1BC7D50629E5CA0700BB14A5 /* HideView.swift in Sources */ = {isa = PBXBuildFile; fileRef = 1BC7D50529E5CA0700BB14A5 /* HideView.swift */; };
		1BC7D50729E5CA0700BB14A5 /* HideView.swift in Sources */ = {isa = PBXBuildFile; fileRef = 1BC7D50529E5CA0700BB14A5 /* HideView.swift */; };
		1BC7D50829E5CA0700BB14A5 /* HideView.swift in Sources */ = {isa = PBXBuildFile; fileRef = 1BC7D50529E5CA0700BB14A5 /* HideView.swift */; };
		1BC7D50A29E5CA2500BB14A5 /* NetworkUtils.swift in Sources */ = {isa = PBXBuildFile; fileRef = 1BC7D50929E5CA2500BB14A5 /* NetworkUtils.swift */; };
		1BC7D50B29E5CA2500BB14A5 /* NetworkUtils.swift in Sources */ = {isa = PBXBuildFile; fileRef = 1BC7D50929E5CA2500BB14A5 /* NetworkUtils.swift */; };
		1BC7D50C29E5CA2500BB14A5 /* NetworkUtils.swift in Sources */ = {isa = PBXBuildFile; fileRef = 1BC7D50929E5CA2500BB14A5 /* NetworkUtils.swift */; };
		1BD76228297D64630044D8BC /* ContentView.swift in Sources */ = {isa = PBXBuildFile; fileRef = 1B038540296700BE00E76092 /* ContentView.swift */; };
		1BD76229297D64990044D8BC /* MainView.swift in Sources */ = {isa = PBXBuildFile; fileRef = 1B03854629675ED400E76092 /* MainView.swift */; };
		1BD7622A297D64A00044D8BC /* HomeView.swift in Sources */ = {isa = PBXBuildFile; fileRef = 1B0385422967042500E76092 /* HomeView.swift */; };
		1BD7622B297D64A60044D8BC /* HomeView.swift in Sources */ = {isa = PBXBuildFile; fileRef = 1B0385422967042500E76092 /* HomeView.swift */; };
		1BD7622C297D64D20044D8BC /* CryptoInfoView.swift in Sources */ = {isa = PBXBuildFile; fileRef = CB65253B2946A40100FD5D11 /* CryptoInfoView.swift */; };
		1BD7622D297D651C0044D8BC /* AddCryptoCurrencyView.swift in Sources */ = {isa = PBXBuildFile; fileRef = CB77AF1B29749761006D711E /* AddCryptoCurrencyView.swift */; };
		1BD7622E297D651C0044D8BC /* AddCryptoCurrencyView.swift in Sources */ = {isa = PBXBuildFile; fileRef = CB77AF1B29749761006D711E /* AddCryptoCurrencyView.swift */; };
		1BD7622F297D65360044D8BC /* AddCryptoExchangeView.swift in Sources */ = {isa = PBXBuildFile; fileRef = CBE25A8E294E8C320010F712 /* AddCryptoExchangeView.swift */; };
		1BD76230297D65360044D8BC /* AddCryptoExchangeView.swift in Sources */ = {isa = PBXBuildFile; fileRef = CBE25A8E294E8C320010F712 /* AddCryptoExchangeView.swift */; };
		1BD76232297D6D670044D8BC /* ContentView_UITests.swift in Sources */ = {isa = PBXBuildFile; fileRef = 1BD76231297D6D670044D8BC /* ContentView_UITests.swift */; };
		1BD76233297D7D590044D8BC /* MenuView.swift in Sources */ = {isa = PBXBuildFile; fileRef = CB6525402946BC1800FD5D11 /* MenuView.swift */; };
		1BD76234297D7D5C0044D8BC /* CryptoBoxView.swift in Sources */ = {isa = PBXBuildFile; fileRef = 1BFB9C5B29759E910097589E /* CryptoBoxView.swift */; };
		1BD76235297D7D5F0044D8BC /* CryptoInfoView.swift in Sources */ = {isa = PBXBuildFile; fileRef = CB65253B2946A40100FD5D11 /* CryptoInfoView.swift */; };
		1BD76236297D7D610044D8BC /* CryptoExchangeView.swift in Sources */ = {isa = PBXBuildFile; fileRef = CB6525382946A22B00FD5D11 /* CryptoExchangeView.swift */; };
		1BD76237297D7D660044D8BC /* HelpView.swift in Sources */ = {isa = PBXBuildFile; fileRef = CBAD25902946D0440062DF52 /* HelpView.swift */; };
		1BD7623A297D7DA50044D8BC /* CryptoInfo.swift in Sources */ = {isa = PBXBuildFile; fileRef = CB65253629469D4500FD5D11 /* CryptoInfo.swift */; };
		1BD7623B297D7DA60044D8BC /* CryptoInfo.swift in Sources */ = {isa = PBXBuildFile; fileRef = CB65253629469D4500FD5D11 /* CryptoInfo.swift */; };
		1BD7623C297D7DA80044D8BC /* InfoBox.swift in Sources */ = {isa = PBXBuildFile; fileRef = CB72DD2729451DEC0087534D /* InfoBox.swift */; };
		1BD7623D297D7DA80044D8BC /* InfoBox.swift in Sources */ = {isa = PBXBuildFile; fileRef = CB72DD2729451DEC0087534D /* InfoBox.swift */; };
		1BD7623E297D7DAC0044D8BC /* CryptoUniversev2App.swift in Sources */ = {isa = PBXBuildFile; fileRef = CB72DCFA294516530087534D /* CryptoUniversev2App.swift */; };
		1BD7623F297D7DAC0044D8BC /* CryptoUniversev2App.swift in Sources */ = {isa = PBXBuildFile; fileRef = CB72DCFA294516530087534D /* CryptoUniversev2App.swift */; };
		1BD76240297D7DB00044D8BC /* ContentView.swift in Sources */ = {isa = PBXBuildFile; fileRef = 1B038540296700BE00E76092 /* ContentView.swift */; };
		1BD76243297D7EE80044D8BC /* Exchange.swift in Sources */ = {isa = PBXBuildFile; fileRef = CB404EA8295B90AA0038E0A2 /* Exchange.swift */; };
		1BD76244297D7EF10044D8BC /* Exchange.swift in Sources */ = {isa = PBXBuildFile; fileRef = CB404EA8295B90AA0038E0A2 /* Exchange.swift */; };
		1BD76245297D7F450044D8BC /* MainView.swift in Sources */ = {isa = PBXBuildFile; fileRef = 1B03854629675ED400E76092 /* MainView.swift */; };
		1BD7624A297D80840044D8BC /* HelpView.swift in Sources */ = {isa = PBXBuildFile; fileRef = CBAD25902946D0440062DF52 /* HelpView.swift */; };
		1BD7624B297D80870044D8BC /* CryptoExchangeView.swift in Sources */ = {isa = PBXBuildFile; fileRef = CB6525382946A22B00FD5D11 /* CryptoExchangeView.swift */; };
		1BD7624C297D808D0044D8BC /* CryptoBoxView.swift in Sources */ = {isa = PBXBuildFile; fileRef = 1BFB9C5B29759E910097589E /* CryptoBoxView.swift */; };
		1BD7624D297D80900044D8BC /* MenuView.swift in Sources */ = {isa = PBXBuildFile; fileRef = CB6525402946BC1800FD5D11 /* MenuView.swift */; };
		1BD76250297DA64C0044D8BC /* ContentView_Login_UITests.swift in Sources */ = {isa = PBXBuildFile; fileRef = 1BD7624F297DA64C0044D8BC /* ContentView_Login_UITests.swift */; };
		1BD76252297DA8960044D8BC /* HomeView_UITests.swift in Sources */ = {isa = PBXBuildFile; fileRef = 1BD76251297DA8960044D8BC /* HomeView_UITests.swift */; };
		1BFB9C5C29759E910097589E /* CryptoBoxView.swift in Sources */ = {isa = PBXBuildFile; fileRef = 1BFB9C5B29759E910097589E /* CryptoBoxView.swift */; };
		CB404EA9295B90AA0038E0A2 /* Exchange.swift in Sources */ = {isa = PBXBuildFile; fileRef = CB404EA8295B90AA0038E0A2 /* Exchange.swift */; };
		CB65253729469D4600FD5D11 /* CryptoInfo.swift in Sources */ = {isa = PBXBuildFile; fileRef = CB65253629469D4500FD5D11 /* CryptoInfo.swift */; };
		CB6525392946A22B00FD5D11 /* CryptoExchangeView.swift in Sources */ = {isa = PBXBuildFile; fileRef = CB6525382946A22B00FD5D11 /* CryptoExchangeView.swift */; };
		CB65253C2946A40100FD5D11 /* CryptoInfoView.swift in Sources */ = {isa = PBXBuildFile; fileRef = CB65253B2946A40100FD5D11 /* CryptoInfoView.swift */; };
		CB65253F2946A8CB00FD5D11 /* SwiftUIPager in Frameworks */ = {isa = PBXBuildFile; productRef = CB65253E2946A8CB00FD5D11 /* SwiftUIPager */; };
		CB6525412946BC1800FD5D11 /* MenuView.swift in Sources */ = {isa = PBXBuildFile; fileRef = CB6525402946BC1800FD5D11 /* MenuView.swift */; };
		CB72DCFB294516530087534D /* CryptoUniversev2App.swift in Sources */ = {isa = PBXBuildFile; fileRef = CB72DCFA294516530087534D /* CryptoUniversev2App.swift */; };
		CB72DCFF294516550087534D /* Assets.xcassets in Resources */ = {isa = PBXBuildFile; fileRef = CB72DCFE294516550087534D /* Assets.xcassets */; };
		CB72DD02294516550087534D /* Preview Assets.xcassets in Resources */ = {isa = PBXBuildFile; fileRef = CB72DD01294516550087534D /* Preview Assets.xcassets */; };
		CB72DD0C294516550087534D /* CryptoUniversev2Tests.swift in Sources */ = {isa = PBXBuildFile; fileRef = CB72DD0B294516550087534D /* CryptoUniversev2Tests.swift */; };
		CB72DD16294516550087534D /* CryptoUniversev2UITests.swift in Sources */ = {isa = PBXBuildFile; fileRef = CB72DD15294516550087534D /* CryptoUniversev2UITests.swift */; };
		CB72DD18294516550087534D /* CryptoUniversev2UITestsLaunchTests.swift in Sources */ = {isa = PBXBuildFile; fileRef = CB72DD17294516550087534D /* CryptoUniversev2UITestsLaunchTests.swift */; };
		CB72DD2829451DEC0087534D /* InfoBox.swift in Sources */ = {isa = PBXBuildFile; fileRef = CB72DD2729451DEC0087534D /* InfoBox.swift */; };
		CB77AF1C29749761006D711E /* AddCryptoCurrencyView.swift in Sources */ = {isa = PBXBuildFile; fileRef = CB77AF1B29749761006D711E /* AddCryptoCurrencyView.swift */; };
		CBAD25912946D0440062DF52 /* HelpView.swift in Sources */ = {isa = PBXBuildFile; fileRef = CBAD25902946D0440062DF52 /* HelpView.swift */; };
		CBE25A8F294E8C320010F712 /* AddCryptoExchangeView.swift in Sources */ = {isa = PBXBuildFile; fileRef = CBE25A8E294E8C320010F712 /* AddCryptoExchangeView.swift */; };
/* End PBXBuildFile section */

/* Begin PBXContainerItemProxy section */
		CB72DD08294516550087534D /* PBXContainerItemProxy */ = {
			isa = PBXContainerItemProxy;
			containerPortal = CB72DCEF294516520087534D /* Project object */;
			proxyType = 1;
			remoteGlobalIDString = CB72DCF6294516530087534D;
			remoteInfo = CryptoUniversev2;
		};
		CB72DD12294516550087534D /* PBXContainerItemProxy */ = {
			isa = PBXContainerItemProxy;
			containerPortal = CB72DCEF294516520087534D /* Project object */;
			proxyType = 1;
			remoteGlobalIDString = CB72DCF6294516530087534D;
			remoteInfo = CryptoUniversev2;
		};
/* End PBXContainerItemProxy section */

/* Begin PBXFileReference section */
		1B038540296700BE00E76092 /* ContentView.swift */ = {isa = PBXFileReference; lastKnownFileType = sourcecode.swift; path = ContentView.swift; sourceTree = "<group>"; };
		1B0385422967042500E76092 /* HomeView.swift */ = {isa = PBXFileReference; lastKnownFileType = sourcecode.swift; path = HomeView.swift; sourceTree = "<group>"; };
		1B03854629675ED400E76092 /* MainView.swift */ = {isa = PBXFileReference; lastKnownFileType = sourcecode.swift; path = MainView.swift; sourceTree = "<group>"; };
		1BC7D4DC29E42CCE00BB14A5 /* CalculationsService.swift */ = {isa = PBXFileReference; lastKnownFileType = sourcecode.swift; name = CalculationsService.swift; path = CryptoUniversev2/Services/CalculationsService.swift; sourceTree = SOURCE_ROOT; };
		1BC7D4E129E5AB7900BB14A5 /* NetworkService.swift */ = {isa = PBXFileReference; lastKnownFileType = sourcecode.swift; name = NetworkService.swift; path = /Users/kr1sel/Documents/Code/cryptouniversev2/CryptoUniversev2/Services/NetworkService.swift; sourceTree = "<absolute>"; };
		1BC7D50129E5C9EB00BB14A5 /* String Formatter.swift */ = {isa = PBXFileReference; lastKnownFileType = sourcecode.swift; name = "String Formatter.swift"; path = "CryptoUniversev2/Utils/String Formatter.swift"; sourceTree = SOURCE_ROOT; };
		1BC7D50529E5CA0700BB14A5 /* HideView.swift */ = {isa = PBXFileReference; lastKnownFileType = sourcecode.swift; name = HideView.swift; path = CryptoUniversev2/Utils/HideView.swift; sourceTree = SOURCE_ROOT; };
		1BC7D50929E5CA2500BB14A5 /* NetworkUtils.swift */ = {isa = PBXFileReference; lastKnownFileType = sourcecode.swift; name = NetworkUtils.swift; path = CryptoUniversev2/Utils/NetworkUtils.swift; sourceTree = SOURCE_ROOT; };
		1BD76231297D6D670044D8BC /* ContentView_UITests.swift */ = {isa = PBXFileReference; lastKnownFileType = sourcecode.swift; path = ContentView_UITests.swift; sourceTree = "<group>"; };
		1BD7624E297D9F830044D8BC /* CryptoUniversev2Release.entitlements */ = {isa = PBXFileReference; lastKnownFileType = text.plist.entitlements; path = CryptoUniversev2Release.entitlements; sourceTree = "<group>"; };
		1BD7624F297DA64C0044D8BC /* ContentView_Login_UITests.swift */ = {isa = PBXFileReference; lastKnownFileType = sourcecode.swift; path = ContentView_Login_UITests.swift; sourceTree = "<group>"; };
		1BD76251297DA8960044D8BC /* HomeView_UITests.swift */ = {isa = PBXFileReference; lastKnownFileType = sourcecode.swift; path = HomeView_UITests.swift; sourceTree = "<group>"; };
		1BFB9C5B29759E910097589E /* CryptoBoxView.swift */ = {isa = PBXFileReference; lastKnownFileType = sourcecode.swift; path = CryptoBoxView.swift; sourceTree = "<group>"; };
		CB404EA8295B90AA0038E0A2 /* Exchange.swift */ = {isa = PBXFileReference; lastKnownFileType = sourcecode.swift; name = Exchange.swift; path = CryptoUniversev2/Enums/Exchange.swift; sourceTree = SOURCE_ROOT; };
		CB65253629469D4500FD5D11 /* CryptoInfo.swift */ = {isa = PBXFileReference; lastKnownFileType = sourcecode.swift; path = CryptoInfo.swift; sourceTree = "<group>"; };
		CB6525382946A22B00FD5D11 /* CryptoExchangeView.swift */ = {isa = PBXFileReference; lastKnownFileType = sourcecode.swift; path = CryptoExchangeView.swift; sourceTree = "<group>"; };
		CB65253B2946A40100FD5D11 /* CryptoInfoView.swift */ = {isa = PBXFileReference; lastKnownFileType = sourcecode.swift; path = CryptoInfoView.swift; sourceTree = "<group>"; };
		CB6525402946BC1800FD5D11 /* MenuView.swift */ = {isa = PBXFileReference; lastKnownFileType = sourcecode.swift; path = MenuView.swift; sourceTree = "<group>"; };
		CB72DCF7294516530087534D /* CryptoUniversev2.app */ = {isa = PBXFileReference; explicitFileType = wrapper.application; includeInIndex = 0; path = CryptoUniversev2.app; sourceTree = BUILT_PRODUCTS_DIR; };
		CB72DCFA294516530087534D /* CryptoUniversev2App.swift */ = {isa = PBXFileReference; lastKnownFileType = sourcecode.swift; path = CryptoUniversev2App.swift; sourceTree = "<group>"; };
		CB72DCFE294516550087534D /* Assets.xcassets */ = {isa = PBXFileReference; lastKnownFileType = folder.assetcatalog; path = Assets.xcassets; sourceTree = "<group>"; };
		CB72DD01294516550087534D /* Preview Assets.xcassets */ = {isa = PBXFileReference; lastKnownFileType = folder.assetcatalog; path = "Preview Assets.xcassets"; sourceTree = "<group>"; };
		CB72DD07294516550087534D /* CryptoUniversev2Tests.xctest */ = {isa = PBXFileReference; explicitFileType = wrapper.cfbundle; includeInIndex = 0; path = CryptoUniversev2Tests.xctest; sourceTree = BUILT_PRODUCTS_DIR; };
		CB72DD0B294516550087534D /* CryptoUniversev2Tests.swift */ = {isa = PBXFileReference; lastKnownFileType = sourcecode.swift; path = CryptoUniversev2Tests.swift; sourceTree = "<group>"; };
		CB72DD11294516550087534D /* CryptoUniversev2UITests.xctest */ = {isa = PBXFileReference; explicitFileType = wrapper.cfbundle; includeInIndex = 0; path = CryptoUniversev2UITests.xctest; sourceTree = BUILT_PRODUCTS_DIR; };
		CB72DD15294516550087534D /* CryptoUniversev2UITests.swift */ = {isa = PBXFileReference; lastKnownFileType = sourcecode.swift; path = CryptoUniversev2UITests.swift; sourceTree = "<group>"; };
		CB72DD17294516550087534D /* CryptoUniversev2UITestsLaunchTests.swift */ = {isa = PBXFileReference; lastKnownFileType = sourcecode.swift; path = CryptoUniversev2UITestsLaunchTests.swift; sourceTree = "<group>"; };
		CB72DD2729451DEC0087534D /* InfoBox.swift */ = {isa = PBXFileReference; lastKnownFileType = sourcecode.swift; path = InfoBox.swift; sourceTree = "<group>"; };
		CB77AF1B29749761006D711E /* AddCryptoCurrencyView.swift */ = {isa = PBXFileReference; lastKnownFileType = sourcecode.swift; path = AddCryptoCurrencyView.swift; sourceTree = "<group>"; };
		CBAD25902946D0440062DF52 /* HelpView.swift */ = {isa = PBXFileReference; lastKnownFileType = sourcecode.swift; path = HelpView.swift; sourceTree = "<group>"; };
		CBE25A8E294E8C320010F712 /* AddCryptoExchangeView.swift */ = {isa = PBXFileReference; lastKnownFileType = sourcecode.swift; path = AddCryptoExchangeView.swift; sourceTree = "<group>"; };
/* End PBXFileReference section */

/* Begin PBXFrameworksBuildPhase section */
		CB72DCF4294516530087534D /* Frameworks */ = {
			isa = PBXFrameworksBuildPhase;
			buildActionMask = 2147483647;
			files = (
				CB65253F2946A8CB00FD5D11 /* SwiftUIPager in Frameworks */,
			);
			runOnlyForDeploymentPostprocessing = 0;
		};
		CB72DD04294516550087534D /* Frameworks */ = {
			isa = PBXFrameworksBuildPhase;
			buildActionMask = 2147483647;
			files = (
			);
			runOnlyForDeploymentPostprocessing = 0;
		};
		CB72DD0E294516550087534D /* Frameworks */ = {
			isa = PBXFrameworksBuildPhase;
			buildActionMask = 2147483647;
			files = (
			);
			runOnlyForDeploymentPostprocessing = 0;
		};
/* End PBXFrameworksBuildPhase section */

/* Begin PBXGroup section */
		CB404EA5295B90610038E0A2 /* Enums */ = {
			isa = PBXGroup;
			children = (
				CB404EA8295B90AA0038E0A2 /* Exchange.swift */,
			);
			path = Enums;
			sourceTree = "<group>";
		};
		CB65253A2946A36100FD5D11 /* Views */ = {
			isa = PBXGroup;
			children = (
				CBE25A8D294E8C060010F712 /* AddCryptoExchangeViews */,
				CBAD258F2946D0320062DF52 /* HelpViews */,
				CB6525442946C1C500FD5D11 /* CryptoExchangeViews */,
				CB6525402946BC1800FD5D11 /* MenuView.swift */,
				1B0385422967042500E76092 /* HomeView.swift */,
				1B03854629675ED400E76092 /* MainView.swift */,
			);
			path = Views;
			sourceTree = "<group>";
		};
		CB6525442946C1C500FD5D11 /* CryptoExchangeViews */ = {
			isa = PBXGroup;
			children = (
				CB6525382946A22B00FD5D11 /* CryptoExchangeView.swift */,
				CB65253B2946A40100FD5D11 /* CryptoInfoView.swift */,
				1BFB9C5B29759E910097589E /* CryptoBoxView.swift */,
			);
			path = CryptoExchangeViews;
			sourceTree = "<group>";
		};
		CB72DCEE294516520087534D = {
			isa = PBXGroup;
			children = (
				CB72DCF9294516530087534D /* CryptoUniversev2 */,
				CB72DD0A294516550087534D /* CryptoUniversev2Tests */,
				CB72DD14294516550087534D /* CryptoUniversev2UITests */,
				CB72DCF8294516530087534D /* Products */,
			);
			sourceTree = "<group>";
		};
		CB72DCF8294516530087534D /* Products */ = {
			isa = PBXGroup;
			children = (
				CB72DCF7294516530087534D /* CryptoUniversev2.app */,
				CB72DD07294516550087534D /* CryptoUniversev2Tests.xctest */,
				CB72DD11294516550087534D /* CryptoUniversev2UITests.xctest */,
			);
			name = Products;
			sourceTree = "<group>";
		};
		CB72DCF9294516530087534D /* CryptoUniversev2 */ = {
			isa = PBXGroup;
			children = (
				1BD7624E297D9F830044D8BC /* CryptoUniversev2Release.entitlements */,
				CB404EA5295B90610038E0A2 /* Enums */,
				CBE25A92294E99380010F712 /* Utils */,
				CBE25A85294E65AD0010F712 /* Services */,
				CB65253A2946A36100FD5D11 /* Views */,
				CB72DD2629451DB00087534D /* Models */,
				CB72DCFA294516530087534D /* CryptoUniversev2App.swift */,
				1B038540296700BE00E76092 /* ContentView.swift */,
				CB72DCFE294516550087534D /* Assets.xcassets */,
				CB72DD00294516550087534D /* Preview Content */,
			);
			path = CryptoUniversev2;
			sourceTree = "<group>";
		};
		CB72DD00294516550087534D /* Preview Content */ = {
			isa = PBXGroup;
			children = (
				CB72DD01294516550087534D /* Preview Assets.xcassets */,
			);
			path = "Preview Content";
			sourceTree = "<group>";
		};
		CB72DD0A294516550087534D /* CryptoUniversev2Tests */ = {
			isa = PBXGroup;
			children = (
				CB72DD0B294516550087534D /* CryptoUniversev2Tests.swift */,
			);
			path = CryptoUniversev2Tests;
			sourceTree = "<group>";
		};
		CB72DD14294516550087534D /* CryptoUniversev2UITests */ = {
			isa = PBXGroup;
			children = (
				CB72DD15294516550087534D /* CryptoUniversev2UITests.swift */,
				CB72DD17294516550087534D /* CryptoUniversev2UITestsLaunchTests.swift */,
				1BD76231297D6D670044D8BC /* ContentView_UITests.swift */,
				1BD7624F297DA64C0044D8BC /* ContentView_Login_UITests.swift */,
				1BD76251297DA8960044D8BC /* HomeView_UITests.swift */,
			);
			path = CryptoUniversev2UITests;
			sourceTree = "<group>";
		};
		CB72DD2629451DB00087534D /* Models */ = {
			isa = PBXGroup;
			children = (
				CB72DD2729451DEC0087534D /* InfoBox.swift */,
				CB65253629469D4500FD5D11 /* CryptoInfo.swift */,
			);
			path = Models;
			sourceTree = "<group>";
		};
		CBAD258F2946D0320062DF52 /* HelpViews */ = {
			isa = PBXGroup;
			children = (
				CBAD25902946D0440062DF52 /* HelpView.swift */,
			);
			path = HelpViews;
			sourceTree = "<group>";
		};
		CBE25A85294E65AD0010F712 /* Services */ = {
			isa = PBXGroup;
			children = (
				1BC7D4DC29E42CCE00BB14A5 /* CalculationsService.swift */,
				1BC7D4E129E5AB7900BB14A5 /* NetworkService.swift */,
			);
			path = Services;
			sourceTree = "<group>";
		};
		CBE25A8D294E8C060010F712 /* AddCryptoExchangeViews */ = {
			isa = PBXGroup;
			children = (
				CBE25A8E294E8C320010F712 /* AddCryptoExchangeView.swift */,
				CB77AF1B29749761006D711E /* AddCryptoCurrencyView.swift */,
			);
			path = AddCryptoExchangeViews;
			sourceTree = "<group>";
		};
		CBE25A92294E99380010F712 /* Utils */ = {
			isa = PBXGroup;
			children = (
				1BC7D50129E5C9EB00BB14A5 /* String Formatter.swift */,
				1BC7D50529E5CA0700BB14A5 /* HideView.swift */,
				1BC7D50929E5CA2500BB14A5 /* NetworkUtils.swift */,
			);
			path = Utils;
			sourceTree = "<group>";
		};
/* End PBXGroup section */

/* Begin PBXNativeTarget section */
		CB72DCF6294516530087534D /* CryptoUniversev2 */ = {
			isa = PBXNativeTarget;
			buildConfigurationList = CB72DD1B294516550087534D /* Build configuration list for PBXNativeTarget "CryptoUniversev2" */;
			buildPhases = (
				CB72DCF3294516530087534D /* Sources */,
				CB72DCF4294516530087534D /* Frameworks */,
				CB72DCF5294516530087534D /* Resources */,
				1BC7D4E029E598EF00BB14A5 /* SwiftFormat */,
			);
			buildRules = (
			);
			dependencies = (
			);
			name = CryptoUniversev2;
			packageProductDependencies = (
				CB65253E2946A8CB00FD5D11 /* SwiftUIPager */,
			);
			productName = CryptoUniversev2;
			productReference = CB72DCF7294516530087534D /* CryptoUniversev2.app */;
			productType = "com.apple.product-type.application";
		};
		CB72DD06294516550087534D /* CryptoUniversev2Tests */ = {
			isa = PBXNativeTarget;
			buildConfigurationList = CB72DD1E294516550087534D /* Build configuration list for PBXNativeTarget "CryptoUniversev2Tests" */;
			buildPhases = (
				CB72DD03294516550087534D /* Sources */,
				CB72DD04294516550087534D /* Frameworks */,
				CB72DD05294516550087534D /* Resources */,
			);
			buildRules = (
			);
			dependencies = (
				CB72DD09294516550087534D /* PBXTargetDependency */,
			);
			name = CryptoUniversev2Tests;
			productName = CryptoUniversev2Tests;
			productReference = CB72DD07294516550087534D /* CryptoUniversev2Tests.xctest */;
			productType = "com.apple.product-type.bundle.unit-test";
		};
		CB72DD10294516550087534D /* CryptoUniversev2UITests */ = {
			isa = PBXNativeTarget;
			buildConfigurationList = CB72DD21294516550087534D /* Build configuration list for PBXNativeTarget "CryptoUniversev2UITests" */;
			buildPhases = (
				CB72DD0D294516550087534D /* Sources */,
				CB72DD0E294516550087534D /* Frameworks */,
				CB72DD0F294516550087534D /* Resources */,
			);
			buildRules = (
			);
			dependencies = (
				CB72DD13294516550087534D /* PBXTargetDependency */,
			);
			name = CryptoUniversev2UITests;
			productName = CryptoUniversev2UITests;
			productReference = CB72DD11294516550087534D /* CryptoUniversev2UITests.xctest */;
			productType = "com.apple.product-type.bundle.ui-testing";
		};
/* End PBXNativeTarget section */

/* Begin PBXProject section */
		CB72DCEF294516520087534D /* Project object */ = {
			isa = PBXProject;
			attributes = {
				BuildIndependentTargetsInParallel = 1;
				LastSwiftUpdateCheck = 1410;
				LastUpgradeCheck = 1410;
				TargetAttributes = {
					CB72DCF6294516530087534D = {
						CreatedOnToolsVersion = 14.1;
					};
					CB72DD06294516550087534D = {
						CreatedOnToolsVersion = 14.1;
						TestTargetID = CB72DCF6294516530087534D;
					};
					CB72DD10294516550087534D = {
						CreatedOnToolsVersion = 14.1;
						TestTargetID = CB72DCF6294516530087534D;
					};
				};
			};
			buildConfigurationList = CB72DCF2294516520087534D /* Build configuration list for PBXProject "CryptoUniversev2" */;
			compatibilityVersion = "Xcode 14.0";
			developmentRegion = en;
			hasScannedForEncodings = 0;
			knownRegions = (
				en,
				Base,
			);
			mainGroup = CB72DCEE294516520087534D;
			packageReferences = (
				CB65253D2946A8CB00FD5D11 /* XCRemoteSwiftPackageReference "SwiftUIPager" */,
			);
			productRefGroup = CB72DCF8294516530087534D /* Products */;
			projectDirPath = "";
			projectRoot = "";
			targets = (
				CB72DCF6294516530087534D /* CryptoUniversev2 */,
				CB72DD06294516550087534D /* CryptoUniversev2Tests */,
				CB72DD10294516550087534D /* CryptoUniversev2UITests */,
			);
		};
/* End PBXProject section */

/* Begin PBXResourcesBuildPhase section */
		CB72DCF5294516530087534D /* Resources */ = {
			isa = PBXResourcesBuildPhase;
			buildActionMask = 2147483647;
			files = (
				CB72DD02294516550087534D /* Preview Assets.xcassets in Resources */,
				CB72DCFF294516550087534D /* Assets.xcassets in Resources */,
			);
			runOnlyForDeploymentPostprocessing = 0;
		};
		CB72DD05294516550087534D /* Resources */ = {
			isa = PBXResourcesBuildPhase;
			buildActionMask = 2147483647;
			files = (
			);
			runOnlyForDeploymentPostprocessing = 0;
		};
		CB72DD0F294516550087534D /* Resources */ = {
			isa = PBXResourcesBuildPhase;
			buildActionMask = 2147483647;
			files = (
			);
			runOnlyForDeploymentPostprocessing = 0;
		};
/* End PBXResourcesBuildPhase section */

/* Begin PBXShellScriptBuildPhase section */
		1BC7D4E029E598EF00BB14A5 /* SwiftFormat */ = {
			isa = PBXShellScriptBuildPhase;
			buildActionMask = 2147483647;
			files = (
			);
			inputFileListPaths = (
			);
			inputPaths = (
			);
			name = SwiftFormat;
			outputFileListPaths = (
			);
			outputPaths = (
			);
			runOnlyForDeploymentPostprocessing = 0;
			shellPath = /bin/sh;
			shellScript = "export PATH=\"$PATH:/usr/local/Cellar\"\nif which swiftformat >/dev/null; then\n  swiftformat .\nelse\n  echo \"warning: SwiftFormat not installed, download from https://github.com/nicklockwood/SwiftFormat\"\nfi\n\n";
		};
/* End PBXShellScriptBuildPhase section */

/* Begin PBXSourcesBuildPhase section */
		CB72DCF3294516530087534D /* Sources */ = {
			isa = PBXSourcesBuildPhase;
			buildActionMask = 2147483647;
			files = (
				1B03854729675ED400E76092 /* MainView.swift in Sources */,
				1BC7D4DD29E42CCE00BB14A5 /* CalculationsService.swift in Sources */,
				1B0385432967042500E76092 /* HomeView.swift in Sources */,
				1B038541296700BE00E76092 /* ContentView.swift in Sources */,
				1BC7D4E229E5AB7900BB14A5 /* NetworkService.swift in Sources */,
				1BFB9C5C29759E910097589E /* CryptoBoxView.swift in Sources */,
				CBAD25912946D0440062DF52 /* HelpView.swift in Sources */,
				CB65253729469D4600FD5D11 /* CryptoInfo.swift in Sources */,
				CB65253C2946A40100FD5D11 /* CryptoInfoView.swift in Sources */,
				CB6525392946A22B00FD5D11 /* CryptoExchangeView.swift in Sources */,
				CB77AF1C29749761006D711E /* AddCryptoCurrencyView.swift in Sources */,
				CB404EA9295B90AA0038E0A2 /* Exchange.swift in Sources */,
				1BC7D50A29E5CA2500BB14A5 /* NetworkUtils.swift in Sources */,
				CB6525412946BC1800FD5D11 /* MenuView.swift in Sources */,
				CB72DD2829451DEC0087534D /* InfoBox.swift in Sources */,
				1BC7D50629E5CA0700BB14A5 /* HideView.swift in Sources */,
				1BC7D50229E5C9EB00BB14A5 /* String Formatter.swift in Sources */,
				CBE25A8F294E8C320010F712 /* AddCryptoExchangeView.swift in Sources */,
				CB72DCFB294516530087534D /* CryptoUniversev2App.swift in Sources */,
			);
			runOnlyForDeploymentPostprocessing = 0;
		};
		CB72DD03294516550087534D /* Sources */ = {
			isa = PBXSourcesBuildPhase;
			buildActionMask = 2147483647;
			files = (
				1BC7D50329E5C9EB00BB14A5 /* String Formatter.swift in Sources */,
				1BD7623B297D7DA60044D8BC /* CryptoInfo.swift in Sources */,
				1BD76245297D7F450044D8BC /* MainView.swift in Sources */,
				1BD76240297D7DB00044D8BC /* ContentView.swift in Sources */,
				1BD7624D297D80900044D8BC /* MenuView.swift in Sources */,
				1BD7623F297D7DAC0044D8BC /* CryptoUniversev2App.swift in Sources */,
				1BD76244297D7EF10044D8BC /* Exchange.swift in Sources */,
				1BD7622B297D64A60044D8BC /* HomeView.swift in Sources */,
				1BD7622C297D64D20044D8BC /* CryptoInfoView.swift in Sources */,
				CB72DD0C294516550087534D /* CryptoUniversev2Tests.swift in Sources */,
				1BD7622D297D651C0044D8BC /* AddCryptoCurrencyView.swift in Sources */,
				1BD7622F297D65360044D8BC /* AddCryptoExchangeView.swift in Sources */,
				1BC7D50B29E5CA2500BB14A5 /* NetworkUtils.swift in Sources */,
				1BD7624C297D808D0044D8BC /* CryptoBoxView.swift in Sources */,
				1BC7D50729E5CA0700BB14A5 /* HideView.swift in Sources */,
				1BD7624A297D80840044D8BC /* HelpView.swift in Sources */,
				1BC7D4E329E5AB7900BB14A5 /* NetworkService.swift in Sources */,
				1BD7623D297D7DA80044D8BC /* InfoBox.swift in Sources */,
				1BD7624B297D80870044D8BC /* CryptoExchangeView.swift in Sources */,
				1BC7D4DE29E42CCE00BB14A5 /* CalculationsService.swift in Sources */,
			);
			runOnlyForDeploymentPostprocessing = 0;
		};
		CB72DD0D294516550087534D /* Sources */ = {
			isa = PBXSourcesBuildPhase;
			buildActionMask = 2147483647;
			files = (
				CB72DD18294516550087534D /* CryptoUniversev2UITestsLaunchTests.swift in Sources */,
				1BD76237297D7D660044D8BC /* HelpView.swift in Sources */,
				1BC7D4E429E5AB7900BB14A5 /* NetworkService.swift in Sources */,
				1BD7623E297D7DAC0044D8BC /* CryptoUniversev2App.swift in Sources */,
				1BC7D50429E5C9EB00BB14A5 /* String Formatter.swift in Sources */,
				1BD76229297D64990044D8BC /* MainView.swift in Sources */,
				1BD76232297D6D670044D8BC /* ContentView_UITests.swift in Sources */,
				1BD76250297DA64C0044D8BC /* ContentView_Login_UITests.swift in Sources */,
				1BC7D4DF29E42CCE00BB14A5 /* CalculationsService.swift in Sources */,
				1BD76234297D7D5C0044D8BC /* CryptoBoxView.swift in Sources */,
				CB72DD16294516550087534D /* CryptoUniversev2UITests.swift in Sources */,
				1BD76243297D7EE80044D8BC /* Exchange.swift in Sources */,
				1BD76235297D7D5F0044D8BC /* CryptoInfoView.swift in Sources */,
				1BD76252297DA8960044D8BC /* HomeView_UITests.swift in Sources */,
				1BD7623A297D7DA50044D8BC /* CryptoInfo.swift in Sources */,
				1BD76233297D7D590044D8BC /* MenuView.swift in Sources */,
				1BC7D50C29E5CA2500BB14A5 /* NetworkUtils.swift in Sources */,
				1BD7622A297D64A00044D8BC /* HomeView.swift in Sources */,
				1BD7623C297D7DA80044D8BC /* InfoBox.swift in Sources */,
				1BD7622E297D651C0044D8BC /* AddCryptoCurrencyView.swift in Sources */,
				1BD76230297D65360044D8BC /* AddCryptoExchangeView.swift in Sources */,
				1BD76236297D7D610044D8BC /* CryptoExchangeView.swift in Sources */,
				1BC7D50829E5CA0700BB14A5 /* HideView.swift in Sources */,
				1BD76228297D64630044D8BC /* ContentView.swift in Sources */,
			);
			runOnlyForDeploymentPostprocessing = 0;
		};
/* End PBXSourcesBuildPhase section */

/* Begin PBXTargetDependency section */
		CB72DD09294516550087534D /* PBXTargetDependency */ = {
			isa = PBXTargetDependency;
			target = CB72DCF6294516530087534D /* CryptoUniversev2 */;
			targetProxy = CB72DD08294516550087534D /* PBXContainerItemProxy */;
		};
		CB72DD13294516550087534D /* PBXTargetDependency */ = {
			isa = PBXTargetDependency;
			target = CB72DCF6294516530087534D /* CryptoUniversev2 */;
			targetProxy = CB72DD12294516550087534D /* PBXContainerItemProxy */;
		};
/* End PBXTargetDependency section */

/* Begin XCBuildConfiguration section */
		CB72DD19294516550087534D /* Debug */ = {
			isa = XCBuildConfiguration;
			buildSettings = {
				ALWAYS_SEARCH_USER_PATHS = NO;
				CLANG_ANALYZER_NONNULL = YES;
				CLANG_ANALYZER_NUMBER_OBJECT_CONVERSION = YES_AGGRESSIVE;
				CLANG_CXX_LANGUAGE_STANDARD = "gnu++20";
				CLANG_ENABLE_MODULES = YES;
				CLANG_ENABLE_OBJC_ARC = YES;
				CLANG_ENABLE_OBJC_WEAK = YES;
				CLANG_WARN_BLOCK_CAPTURE_AUTORELEASING = YES;
				CLANG_WARN_BOOL_CONVERSION = YES;
				CLANG_WARN_COMMA = YES;
				CLANG_WARN_CONSTANT_CONVERSION = YES;
				CLANG_WARN_DEPRECATED_OBJC_IMPLEMENTATIONS = YES;
				CLANG_WARN_DIRECT_OBJC_ISA_USAGE = YES_ERROR;
				CLANG_WARN_DOCUMENTATION_COMMENTS = YES;
				CLANG_WARN_EMPTY_BODY = YES;
				CLANG_WARN_ENUM_CONVERSION = YES;
				CLANG_WARN_INFINITE_RECURSION = YES;
				CLANG_WARN_INT_CONVERSION = YES;
				CLANG_WARN_NON_LITERAL_NULL_CONVERSION = YES;
				CLANG_WARN_OBJC_IMPLICIT_RETAIN_SELF = YES;
				CLANG_WARN_OBJC_LITERAL_CONVERSION = YES;
				CLANG_WARN_OBJC_ROOT_CLASS = YES_ERROR;
				CLANG_WARN_QUOTED_INCLUDE_IN_FRAMEWORK_HEADER = YES;
				CLANG_WARN_RANGE_LOOP_ANALYSIS = YES;
				CLANG_WARN_STRICT_PROTOTYPES = YES;
				CLANG_WARN_SUSPICIOUS_MOVE = YES;
				CLANG_WARN_UNGUARDED_AVAILABILITY = YES_AGGRESSIVE;
				CLANG_WARN_UNREACHABLE_CODE = YES;
				CLANG_WARN__DUPLICATE_METHOD_MATCH = YES;
				COPY_PHASE_STRIP = NO;
				DEBUG_INFORMATION_FORMAT = dwarf;
				ENABLE_STRICT_OBJC_MSGSEND = YES;
				ENABLE_TESTABILITY = YES;
				GCC_C_LANGUAGE_STANDARD = gnu11;
				GCC_DYNAMIC_NO_PIC = NO;
				GCC_NO_COMMON_BLOCKS = YES;
				GCC_OPTIMIZATION_LEVEL = 0;
				GCC_PREPROCESSOR_DEFINITIONS = (
					"DEBUG=1",
					"$(inherited)",
				);
				GCC_WARN_64_TO_32_BIT_CONVERSION = YES;
				GCC_WARN_ABOUT_RETURN_TYPE = YES_ERROR;
				GCC_WARN_UNDECLARED_SELECTOR = YES;
				GCC_WARN_UNINITIALIZED_AUTOS = YES_AGGRESSIVE;
				GCC_WARN_UNUSED_FUNCTION = YES;
				GCC_WARN_UNUSED_VARIABLE = YES;
				IPHONEOS_DEPLOYMENT_TARGET = 16.1;
				MTL_ENABLE_DEBUG_INFO = INCLUDE_SOURCE;
				MTL_FAST_MATH = YES;
				ONLY_ACTIVE_ARCH = YES;
				SDKROOT = iphoneos;
				SWIFT_ACTIVE_COMPILATION_CONDITIONS = DEBUG;
				SWIFT_OPTIMIZATION_LEVEL = "-Onone";
			};
			name = Debug;
		};
		CB72DD1A294516550087534D /* Release */ = {
			isa = XCBuildConfiguration;
			buildSettings = {
				ALWAYS_SEARCH_USER_PATHS = NO;
				CLANG_ANALYZER_NONNULL = YES;
				CLANG_ANALYZER_NUMBER_OBJECT_CONVERSION = YES_AGGRESSIVE;
				CLANG_CXX_LANGUAGE_STANDARD = "gnu++20";
				CLANG_ENABLE_MODULES = YES;
				CLANG_ENABLE_OBJC_ARC = YES;
				CLANG_ENABLE_OBJC_WEAK = YES;
				CLANG_WARN_BLOCK_CAPTURE_AUTORELEASING = YES;
				CLANG_WARN_BOOL_CONVERSION = YES;
				CLANG_WARN_COMMA = YES;
				CLANG_WARN_CONSTANT_CONVERSION = YES;
				CLANG_WARN_DEPRECATED_OBJC_IMPLEMENTATIONS = YES;
				CLANG_WARN_DIRECT_OBJC_ISA_USAGE = YES_ERROR;
				CLANG_WARN_DOCUMENTATION_COMMENTS = YES;
				CLANG_WARN_EMPTY_BODY = YES;
				CLANG_WARN_ENUM_CONVERSION = YES;
				CLANG_WARN_INFINITE_RECURSION = YES;
				CLANG_WARN_INT_CONVERSION = YES;
				CLANG_WARN_NON_LITERAL_NULL_CONVERSION = YES;
				CLANG_WARN_OBJC_IMPLICIT_RETAIN_SELF = YES;
				CLANG_WARN_OBJC_LITERAL_CONVERSION = YES;
				CLANG_WARN_OBJC_ROOT_CLASS = YES_ERROR;
				CLANG_WARN_QUOTED_INCLUDE_IN_FRAMEWORK_HEADER = YES;
				CLANG_WARN_RANGE_LOOP_ANALYSIS = YES;
				CLANG_WARN_STRICT_PROTOTYPES = YES;
				CLANG_WARN_SUSPICIOUS_MOVE = YES;
				CLANG_WARN_UNGUARDED_AVAILABILITY = YES_AGGRESSIVE;
				CLANG_WARN_UNREACHABLE_CODE = YES;
				CLANG_WARN__DUPLICATE_METHOD_MATCH = YES;
				COPY_PHASE_STRIP = NO;
				DEBUG_INFORMATION_FORMAT = "dwarf-with-dsym";
				ENABLE_NS_ASSERTIONS = NO;
				ENABLE_STRICT_OBJC_MSGSEND = YES;
				GCC_C_LANGUAGE_STANDARD = gnu11;
				GCC_NO_COMMON_BLOCKS = YES;
				GCC_WARN_64_TO_32_BIT_CONVERSION = YES;
				GCC_WARN_ABOUT_RETURN_TYPE = YES_ERROR;
				GCC_WARN_UNDECLARED_SELECTOR = YES;
				GCC_WARN_UNINITIALIZED_AUTOS = YES_AGGRESSIVE;
				GCC_WARN_UNUSED_FUNCTION = YES;
				GCC_WARN_UNUSED_VARIABLE = YES;
				IPHONEOS_DEPLOYMENT_TARGET = 16.1;
				MTL_ENABLE_DEBUG_INFO = NO;
				MTL_FAST_MATH = YES;
				SDKROOT = iphoneos;
				SWIFT_COMPILATION_MODE = wholemodule;
				SWIFT_OPTIMIZATION_LEVEL = "-O";
				VALIDATE_PRODUCT = YES;
			};
			name = Release;
		};
		CB72DD1C294516550087534D /* Debug */ = {
			isa = XCBuildConfiguration;
			buildSettings = {
				ASSETCATALOG_COMPILER_APPICON_NAME = AppIcon;
				ASSETCATALOG_COMPILER_GLOBAL_ACCENT_COLOR_NAME = AccentColor;
				CODE_SIGN_STYLE = Automatic;
				CURRENT_PROJECT_VERSION = 1;
				DEVELOPMENT_ASSET_PATHS = "\"CryptoUniversev2/Preview Content\"";
				ENABLE_PREVIEWS = YES;
				GENERATE_INFOPLIST_FILE = YES;
				INFOPLIST_KEY_UIApplicationSupportsIndirectInputEvents = YES;
				INFOPLIST_KEY_UILaunchScreen_Generation = YES;
				INFOPLIST_KEY_UISupportedInterfaceOrientations_iPad = "UIInterfaceOrientationPortrait UIInterfaceOrientationPortraitUpsideDown UIInterfaceOrientationLandscapeLeft UIInterfaceOrientationLandscapeRight";
				INFOPLIST_KEY_UISupportedInterfaceOrientations_iPhone = "UIInterfaceOrientationPortrait UIInterfaceOrientationLandscapeLeft UIInterfaceOrientationLandscapeRight";
				LD_RUNPATH_SEARCH_PATHS = (
					"$(inherited)",
					"@executable_path/Frameworks",
				);
				MARKETING_VERSION = 1.0;
				PRODUCT_BUNDLE_IDENTIFIER = og.CryptoUniversev2;
				PRODUCT_NAME = "$(TARGET_NAME)";
				SWIFT_EMIT_LOC_STRINGS = YES;
				SWIFT_VERSION = 5.0;
				TARGETED_DEVICE_FAMILY = "1,2";
			};
			name = Debug;
		};
		CB72DD1D294516550087534D /* Release */ = {
			isa = XCBuildConfiguration;
			buildSettings = {
				ASSETCATALOG_COMPILER_APPICON_NAME = AppIcon;
				ASSETCATALOG_COMPILER_GLOBAL_ACCENT_COLOR_NAME = AccentColor;
				CODE_SIGN_ENTITLEMENTS = CryptoUniversev2/CryptoUniversev2Release.entitlements;
				CODE_SIGN_STYLE = Automatic;
				CURRENT_PROJECT_VERSION = 1;
				DEVELOPMENT_ASSET_PATHS = "\"CryptoUniversev2/Preview Content\"";
				ENABLE_PREVIEWS = YES;
				GENERATE_INFOPLIST_FILE = YES;
				INFOPLIST_KEY_UIApplicationSupportsIndirectInputEvents = YES;
				INFOPLIST_KEY_UILaunchScreen_Generation = YES;
				INFOPLIST_KEY_UISupportedInterfaceOrientations_iPad = "UIInterfaceOrientationPortrait UIInterfaceOrientationPortraitUpsideDown UIInterfaceOrientationLandscapeLeft UIInterfaceOrientationLandscapeRight";
				INFOPLIST_KEY_UISupportedInterfaceOrientations_iPhone = "UIInterfaceOrientationPortrait UIInterfaceOrientationLandscapeLeft UIInterfaceOrientationLandscapeRight";
				LD_RUNPATH_SEARCH_PATHS = (
					"$(inherited)",
					"@executable_path/Frameworks",
				);
				MARKETING_VERSION = 1.0;
				PRODUCT_BUNDLE_IDENTIFIER = og.CryptoUniversev2;
				PRODUCT_NAME = "$(TARGET_NAME)";
				SWIFT_EMIT_LOC_STRINGS = YES;
				SWIFT_VERSION = 5.0;
				TARGETED_DEVICE_FAMILY = "1,2";
			};
			name = Release;
		};
		CB72DD1F294516550087534D /* Debug */ = {
			isa = XCBuildConfiguration;
			buildSettings = {
				ALWAYS_EMBED_SWIFT_STANDARD_LIBRARIES = YES;
				BUNDLE_LOADER = "$(TEST_HOST)";
				CODE_SIGN_STYLE = Automatic;
				CURRENT_PROJECT_VERSION = 1;
				GENERATE_INFOPLIST_FILE = YES;
				IPHONEOS_DEPLOYMENT_TARGET = 16.1;
				MARKETING_VERSION = 1.0;
				PRODUCT_BUNDLE_IDENTIFIER = og.CryptoUniversev2Tests;
				PRODUCT_NAME = "$(TARGET_NAME)";
				SWIFT_EMIT_LOC_STRINGS = NO;
				SWIFT_VERSION = 5.0;
				TARGETED_DEVICE_FAMILY = "1,2";
				TEST_HOST = "$(BUILT_PRODUCTS_DIR)/CryptoUniversev2.app/$(BUNDLE_EXECUTABLE_FOLDER_PATH)/CryptoUniversev2";
			};
			name = Debug;
		};
		CB72DD20294516550087534D /* Release */ = {
			isa = XCBuildConfiguration;
			buildSettings = {
				ALWAYS_EMBED_SWIFT_STANDARD_LIBRARIES = YES;
				BUNDLE_LOADER = "$(TEST_HOST)";
				CODE_SIGN_STYLE = Automatic;
				CURRENT_PROJECT_VERSION = 1;
				GENERATE_INFOPLIST_FILE = YES;
				IPHONEOS_DEPLOYMENT_TARGET = 16.1;
				MARKETING_VERSION = 1.0;
				PRODUCT_BUNDLE_IDENTIFIER = og.CryptoUniversev2Tests;
				PRODUCT_NAME = "$(TARGET_NAME)";
				SWIFT_EMIT_LOC_STRINGS = NO;
				SWIFT_VERSION = 5.0;
				TARGETED_DEVICE_FAMILY = "1,2";
				TEST_HOST = "$(BUILT_PRODUCTS_DIR)/CryptoUniversev2.app/$(BUNDLE_EXECUTABLE_FOLDER_PATH)/CryptoUniversev2";
			};
			name = Release;
		};
		CB72DD22294516550087534D /* Debug */ = {
			isa = XCBuildConfiguration;
			buildSettings = {
				ALWAYS_EMBED_SWIFT_STANDARD_LIBRARIES = YES;
				CODE_SIGN_STYLE = Automatic;
				CURRENT_PROJECT_VERSION = 1;
				GENERATE_INFOPLIST_FILE = YES;
				MARKETING_VERSION = 1.0;
				PRODUCT_BUNDLE_IDENTIFIER = og.CryptoUniversev2UITests;
				PRODUCT_NAME = "$(TARGET_NAME)";
				SWIFT_EMIT_LOC_STRINGS = NO;
				SWIFT_VERSION = 5.0;
				TARGETED_DEVICE_FAMILY = "1,2";
				TEST_TARGET_NAME = CryptoUniversev2;
			};
			name = Debug;
		};
		CB72DD23294516550087534D /* Release */ = {
			isa = XCBuildConfiguration;
			buildSettings = {
				ALWAYS_EMBED_SWIFT_STANDARD_LIBRARIES = YES;
				CODE_SIGN_STYLE = Automatic;
				CURRENT_PROJECT_VERSION = 1;
				GENERATE_INFOPLIST_FILE = YES;
				MARKETING_VERSION = 1.0;
				PRODUCT_BUNDLE_IDENTIFIER = og.CryptoUniversev2UITests;
				PRODUCT_NAME = "$(TARGET_NAME)";
				SWIFT_EMIT_LOC_STRINGS = NO;
				SWIFT_VERSION = 5.0;
				TARGETED_DEVICE_FAMILY = "1,2";
				TEST_TARGET_NAME = CryptoUniversev2;
			};
			name = Release;
		};
/* End XCBuildConfiguration section */

/* Begin XCConfigurationList section */
		CB72DCF2294516520087534D /* Build configuration list for PBXProject "CryptoUniversev2" */ = {
			isa = XCConfigurationList;
			buildConfigurations = (
				CB72DD19294516550087534D /* Debug */,
				CB72DD1A294516550087534D /* Release */,
			);
			defaultConfigurationIsVisible = 0;
			defaultConfigurationName = Release;
		};
		CB72DD1B294516550087534D /* Build configuration list for PBXNativeTarget "CryptoUniversev2" */ = {
			isa = XCConfigurationList;
			buildConfigurations = (
				CB72DD1C294516550087534D /* Debug */,
				CB72DD1D294516550087534D /* Release */,
			);
			defaultConfigurationIsVisible = 0;
			defaultConfigurationName = Release;
		};
		CB72DD1E294516550087534D /* Build configuration list for PBXNativeTarget "CryptoUniversev2Tests" */ = {
			isa = XCConfigurationList;
			buildConfigurations = (
				CB72DD1F294516550087534D /* Debug */,
				CB72DD20294516550087534D /* Release */,
			);
			defaultConfigurationIsVisible = 0;
			defaultConfigurationName = Release;
		};
		CB72DD21294516550087534D /* Build configuration list for PBXNativeTarget "CryptoUniversev2UITests" */ = {
			isa = XCConfigurationList;
			buildConfigurations = (
				CB72DD22294516550087534D /* Debug */,
				CB72DD23294516550087534D /* Release */,
			);
			defaultConfigurationIsVisible = 0;
			defaultConfigurationName = Release;
		};
/* End XCConfigurationList section */

/* Begin XCRemoteSwiftPackageReference section */
		CB65253D2946A8CB00FD5D11 /* XCRemoteSwiftPackageReference "SwiftUIPager" */ = {
			isa = XCRemoteSwiftPackageReference;
			repositoryURL = "https://github.com/fermoya/SwiftUIPager.git";
			requirement = {
				kind = upToNextMajorVersion;
				minimumVersion = 2.0.0;
			};
		};
/* End XCRemoteSwiftPackageReference section */

/* Begin XCSwiftPackageProductDependency section */
		CB65253E2946A8CB00FD5D11 /* SwiftUIPager */ = {
			isa = XCSwiftPackageProductDependency;
			package = CB65253D2946A8CB00FD5D11 /* XCRemoteSwiftPackageReference "SwiftUIPager" */;
			productName = SwiftUIPager;
		};
/* End XCSwiftPackageProductDependency section */
	};
	rootObject = CB72DCEF294516520087534D /* Project object */;
}
